// !$*UTF8*$!
{
	archiveVersion = 1;
	classes = {
	};
	objectVersion = 56;
	objects = {

/* Begin PBXBuildFile section */
		2377FD61298B528700499B5E /* AppDelegate.swift in Sources */ = {isa = PBXBuildFile; fileRef = 2377FD60298B528700499B5E /* AppDelegate.swift */; };
		2377FD63298B528700499B5E /* SceneDelegate.swift in Sources */ = {isa = PBXBuildFile; fileRef = 2377FD62298B528700499B5E /* SceneDelegate.swift */; };
		2377FD65298B528700499B5E /* WeatherViewController.swift in Sources */ = {isa = PBXBuildFile; fileRef = 2377FD64298B528700499B5E /* WeatherViewController.swift */; };
		2377FD6A298B528800499B5E /* Assets.xcassets in Resources */ = {isa = PBXBuildFile; fileRef = 2377FD69298B528800499B5E /* Assets.xcassets */; };
		2377FD6D298B528800499B5E /* LaunchScreen.storyboard in Resources */ = {isa = PBXBuildFile; fileRef = 2377FD6B298B528800499B5E /* LaunchScreen.storyboard */; };
		2377FD78298B528800499B5E /* iOS_training_KantaSwiftTests.swift in Sources */ = {isa = PBXBuildFile; fileRef = 2377FD77298B528800499B5E /* iOS_training_KantaSwiftTests.swift */; };
		2377FD82298B528800499B5E /* iOS_training_KantaSwiftUITests.swift in Sources */ = {isa = PBXBuildFile; fileRef = 2377FD81298B528800499B5E /* iOS_training_KantaSwiftUITests.swift */; };
		2377FD84298B528800499B5E /* iOS_training_KantaSwiftUITestsLaunchTests.swift in Sources */ = {isa = PBXBuildFile; fileRef = 2377FD83298B528800499B5E /* iOS_training_KantaSwiftUITestsLaunchTests.swift */; };
		2377FD92298B587400499B5E /* YumemiWeather in Frameworks */ = {isa = PBXBuildFile; productRef = 2377FD91298B587400499B5E /* YumemiWeather */; };
		2377FD95298B5CC400499B5E /* SnapKit in Frameworks */ = {isa = PBXBuildFile; productRef = 2377FD94298B5CC400499B5E /* SnapKit */; };
		2377FDA3298CA07200499B5E /* WeatherCondition.swift in Sources */ = {isa = PBXBuildFile; fileRef = 2377FDA2298CA07200499B5E /* WeatherCondition.swift */; };
		2377FDA5298CA63E00499B5E /* InitialViewController.swift in Sources */ = {isa = PBXBuildFile; fileRef = 2377FDA4298CA63E00499B5E /* InitialViewController.swift */; };
		2377FDAF299096D200499B5E /* CustomButton.swift in Sources */ = {isa = PBXBuildFile; fileRef = 2377FDAE299096D200499B5E /* CustomButton.swift */; };
		239E54042990EE0A00408BF7 /* WeatherAPIClient.swift in Sources */ = {isa = PBXBuildFile; fileRef = 239E54032990EE0A00408BF7 /* WeatherAPIClient.swift */; };
		239E540729923AFD00408BF7 /* WeatherData.swift in Sources */ = {isa = PBXBuildFile; fileRef = 239E540629923AFD00408BF7 /* WeatherData.swift */; };
/* End PBXBuildFile section */

/* Begin PBXContainerItemProxy section */
		2377FD74298B528800499B5E /* PBXContainerItemProxy */ = {
			isa = PBXContainerItemProxy;
			containerPortal = 2377FD55298B528700499B5E /* Project object */;
			proxyType = 1;
			remoteGlobalIDString = 2377FD5C298B528700499B5E;
			remoteInfo = "iOS-training-KantaSwift";
		};
		2377FD7E298B528800499B5E /* PBXContainerItemProxy */ = {
			isa = PBXContainerItemProxy;
			containerPortal = 2377FD55298B528700499B5E /* Project object */;
			proxyType = 1;
			remoteGlobalIDString = 2377FD5C298B528700499B5E;
			remoteInfo = "iOS-training-KantaSwift";
		};
/* End PBXContainerItemProxy section */

/* Begin PBXFileReference section */
		2377FD5D298B528700499B5E /* iOS-training-KantaSwift.app */ = {isa = PBXFileReference; explicitFileType = wrapper.application; includeInIndex = 0; path = "iOS-training-KantaSwift.app"; sourceTree = BUILT_PRODUCTS_DIR; };
		2377FD60298B528700499B5E /* AppDelegate.swift */ = {isa = PBXFileReference; lastKnownFileType = sourcecode.swift; path = AppDelegate.swift; sourceTree = "<group>"; };
		2377FD62298B528700499B5E /* SceneDelegate.swift */ = {isa = PBXFileReference; lastKnownFileType = sourcecode.swift; path = SceneDelegate.swift; sourceTree = "<group>"; };
		2377FD64298B528700499B5E /* WeatherViewController.swift */ = {isa = PBXFileReference; lastKnownFileType = sourcecode.swift; path = WeatherViewController.swift; sourceTree = "<group>"; };
		2377FD69298B528800499B5E /* Assets.xcassets */ = {isa = PBXFileReference; lastKnownFileType = folder.assetcatalog; path = Assets.xcassets; sourceTree = "<group>"; };
		2377FD6C298B528800499B5E /* Base */ = {isa = PBXFileReference; lastKnownFileType = file.storyboard; name = Base; path = Base.lproj/LaunchScreen.storyboard; sourceTree = "<group>"; };
		2377FD6E298B528800499B5E /* Info.plist */ = {isa = PBXFileReference; lastKnownFileType = text.plist.xml; path = Info.plist; sourceTree = "<group>"; };
		2377FD73298B528800499B5E /* iOS-training-KantaSwiftTests.xctest */ = {isa = PBXFileReference; explicitFileType = wrapper.cfbundle; includeInIndex = 0; path = "iOS-training-KantaSwiftTests.xctest"; sourceTree = BUILT_PRODUCTS_DIR; };
		2377FD77298B528800499B5E /* iOS_training_KantaSwiftTests.swift */ = {isa = PBXFileReference; lastKnownFileType = sourcecode.swift; path = iOS_training_KantaSwiftTests.swift; sourceTree = "<group>"; };
		2377FD7D298B528800499B5E /* iOS-training-KantaSwiftUITests.xctest */ = {isa = PBXFileReference; explicitFileType = wrapper.cfbundle; includeInIndex = 0; path = "iOS-training-KantaSwiftUITests.xctest"; sourceTree = BUILT_PRODUCTS_DIR; };
		2377FD81298B528800499B5E /* iOS_training_KantaSwiftUITests.swift */ = {isa = PBXFileReference; lastKnownFileType = sourcecode.swift; path = iOS_training_KantaSwiftUITests.swift; sourceTree = "<group>"; };
		2377FD83298B528800499B5E /* iOS_training_KantaSwiftUITestsLaunchTests.swift */ = {isa = PBXFileReference; lastKnownFileType = sourcecode.swift; path = iOS_training_KantaSwiftUITestsLaunchTests.swift; sourceTree = "<group>"; };
		2377FDA2298CA07200499B5E /* WeatherCondition.swift */ = {isa = PBXFileReference; lastKnownFileType = sourcecode.swift; path = WeatherCondition.swift; sourceTree = "<group>"; };
		2377FDA4298CA63E00499B5E /* InitialViewController.swift */ = {isa = PBXFileReference; lastKnownFileType = sourcecode.swift; path = InitialViewController.swift; sourceTree = "<group>"; };
		2377FDAE299096D200499B5E /* CustomButton.swift */ = {isa = PBXFileReference; lastKnownFileType = sourcecode.swift; path = CustomButton.swift; sourceTree = "<group>"; };
		239E54032990EE0A00408BF7 /* WeatherAPIClient.swift */ = {isa = PBXFileReference; lastKnownFileType = sourcecode.swift; path = WeatherAPIClient.swift; sourceTree = "<group>"; };
		239E540629923AFD00408BF7 /* WeatherData.swift */ = {isa = PBXFileReference; lastKnownFileType = sourcecode.swift; path = WeatherData.swift; sourceTree = "<group>"; };
/* End PBXFileReference section */

/* Begin PBXFrameworksBuildPhase section */
		2377FD5A298B528700499B5E /* Frameworks */ = {
			isa = PBXFrameworksBuildPhase;
			buildActionMask = 2147483647;
			files = (
				2377FD92298B587400499B5E /* YumemiWeather in Frameworks */,
				2377FD95298B5CC400499B5E /* SnapKit in Frameworks */,
			);
			runOnlyForDeploymentPostprocessing = 0;
		};
		2377FD70298B528800499B5E /* Frameworks */ = {
			isa = PBXFrameworksBuildPhase;
			buildActionMask = 2147483647;
			files = (
			);
			runOnlyForDeploymentPostprocessing = 0;
		};
		2377FD7A298B528800499B5E /* Frameworks */ = {
			isa = PBXFrameworksBuildPhase;
			buildActionMask = 2147483647;
			files = (
			);
			runOnlyForDeploymentPostprocessing = 0;
		};
/* End PBXFrameworksBuildPhase section */

/* Begin PBXGroup section */
		2377FD54298B528700499B5E = {
			isa = PBXGroup;
			children = (
				2377FD5F298B528700499B5E /* iOS-training-KantaSwift */,
				2377FD76298B528800499B5E /* iOS-training-KantaSwiftTests */,
				2377FD80298B528800499B5E /* iOS-training-KantaSwiftUITests */,
				2377FD5E298B528700499B5E /* Products */,
			);
			sourceTree = "<group>";
		};
		2377FD5E298B528700499B5E /* Products */ = {
			isa = PBXGroup;
			children = (
				2377FD5D298B528700499B5E /* iOS-training-KantaSwift.app */,
				2377FD73298B528800499B5E /* iOS-training-KantaSwiftTests.xctest */,
				2377FD7D298B528800499B5E /* iOS-training-KantaSwiftUITests.xctest */,
			);
			name = Products;
			sourceTree = "<group>";
		};
		2377FD5F298B528700499B5E /* iOS-training-KantaSwift */ = {
			isa = PBXGroup;
			children = (
				2377FDAD299096B800499B5E /* View */,
				2377FDA1298CA05000499B5E /* Model */,
				2377FD9E298B9F7000499B5E /* Controller */,
				2377FD60298B528700499B5E /* AppDelegate.swift */,
				2377FD62298B528700499B5E /* SceneDelegate.swift */,
				2377FD69298B528800499B5E /* Assets.xcassets */,
				2377FD6B298B528800499B5E /* LaunchScreen.storyboard */,
				2377FD6E298B528800499B5E /* Info.plist */,
			);
			path = "iOS-training-KantaSwift";
			sourceTree = "<group>";
		};
		2377FD76298B528800499B5E /* iOS-training-KantaSwiftTests */ = {
			isa = PBXGroup;
			children = (
				2377FD77298B528800499B5E /* iOS_training_KantaSwiftTests.swift */,
			);
			path = "iOS-training-KantaSwiftTests";
			sourceTree = "<group>";
		};
		2377FD80298B528800499B5E /* iOS-training-KantaSwiftUITests */ = {
			isa = PBXGroup;
			children = (
				2377FD81298B528800499B5E /* iOS_training_KantaSwiftUITests.swift */,
				2377FD83298B528800499B5E /* iOS_training_KantaSwiftUITestsLaunchTests.swift */,
			);
			path = "iOS-training-KantaSwiftUITests";
			sourceTree = "<group>";
		};
		2377FD9E298B9F7000499B5E /* Controller */ = {
			isa = PBXGroup;
			children = (
				2377FD64298B528700499B5E /* WeatherViewController.swift */,
				2377FDA4298CA63E00499B5E /* InitialViewController.swift */,
			);
			path = Controller;
			sourceTree = "<group>";
		};
		2377FDA1298CA05000499B5E /* Model */ = {
			isa = PBXGroup;
			children = (
				2377FDA2298CA07200499B5E /* WeatherCondition.swift */,
				239E540629923AFD00408BF7 /* WeatherData.swift */,
				239E54052990F9C700408BF7 /* API */,
			);
			path = Model;
			sourceTree = "<group>";
		};
		2377FDAD299096B800499B5E /* View */ = {
			isa = PBXGroup;
			children = (
				2377FDAE299096D200499B5E /* CustomButton.swift */,
			);
			path = View;
			sourceTree = "<group>";
		};
		239E54052990F9C700408BF7 /* API */ = {
			isa = PBXGroup;
			children = (
				239E54032990EE0A00408BF7 /* WeatherAPIClient.swift */,
			);
			path = API;
			sourceTree = "<group>";
		};
/* End PBXGroup section */

/* Begin PBXNativeTarget section */
		2377FD5C298B528700499B5E /* iOS-training-KantaSwift */ = {
			isa = PBXNativeTarget;
			buildConfigurationList = 2377FD87298B528800499B5E /* Build configuration list for PBXNativeTarget "iOS-training-KantaSwift" */;
			buildPhases = (
				2377FD59298B528700499B5E /* Sources */,
				2377FD5A298B528700499B5E /* Frameworks */,
				2377FD5B298B528700499B5E /* Resources */,
			);
			buildRules = (
			);
			dependencies = (
			);
			name = "iOS-training-KantaSwift";
			packageProductDependencies = (
				2377FD91298B587400499B5E /* YumemiWeather */,
				2377FD94298B5CC400499B5E /* SnapKit */,
			);
			productName = "iOS-training-KantaSwift";
			productReference = 2377FD5D298B528700499B5E /* iOS-training-KantaSwift.app */;
			productType = "com.apple.product-type.application";
		};
		2377FD72298B528800499B5E /* iOS-training-KantaSwiftTests */ = {
			isa = PBXNativeTarget;
			buildConfigurationList = 2377FD8A298B528800499B5E /* Build configuration list for PBXNativeTarget "iOS-training-KantaSwiftTests" */;
			buildPhases = (
				2377FD6F298B528800499B5E /* Sources */,
				2377FD70298B528800499B5E /* Frameworks */,
				2377FD71298B528800499B5E /* Resources */,
			);
			buildRules = (
			);
			dependencies = (
				2377FD75298B528800499B5E /* PBXTargetDependency */,
			);
			name = "iOS-training-KantaSwiftTests";
			productName = "iOS-training-KantaSwiftTests";
			productReference = 2377FD73298B528800499B5E /* iOS-training-KantaSwiftTests.xctest */;
			productType = "com.apple.product-type.bundle.unit-test";
		};
		2377FD7C298B528800499B5E /* iOS-training-KantaSwiftUITests */ = {
			isa = PBXNativeTarget;
			buildConfigurationList = 2377FD8D298B528800499B5E /* Build configuration list for PBXNativeTarget "iOS-training-KantaSwiftUITests" */;
			buildPhases = (
				2377FD79298B528800499B5E /* Sources */,
				2377FD7A298B528800499B5E /* Frameworks */,
				2377FD7B298B528800499B5E /* Resources */,
			);
			buildRules = (
			);
			dependencies = (
				2377FD7F298B528800499B5E /* PBXTargetDependency */,
			);
			name = "iOS-training-KantaSwiftUITests";
			productName = "iOS-training-KantaSwiftUITests";
			productReference = 2377FD7D298B528800499B5E /* iOS-training-KantaSwiftUITests.xctest */;
			productType = "com.apple.product-type.bundle.ui-testing";
		};
/* End PBXNativeTarget section */

/* Begin PBXProject section */
		2377FD55298B528700499B5E /* Project object */ = {
			isa = PBXProject;
			attributes = {
				BuildIndependentTargetsInParallel = 1;
				LastSwiftUpdateCheck = 1420;
				LastUpgradeCheck = 1420;
				TargetAttributes = {
					2377FD5C298B528700499B5E = {
						CreatedOnToolsVersion = 14.2;
					};
					2377FD72298B528800499B5E = {
						CreatedOnToolsVersion = 14.2;
						TestTargetID = 2377FD5C298B528700499B5E;
					};
					2377FD7C298B528800499B5E = {
						CreatedOnToolsVersion = 14.2;
						TestTargetID = 2377FD5C298B528700499B5E;
					};
				};
			};
			buildConfigurationList = 2377FD58298B528700499B5E /* Build configuration list for PBXProject "iOS-training-KantaSwift" */;
			compatibilityVersion = "Xcode 14.0";
			developmentRegion = en;
			hasScannedForEncodings = 0;
			knownRegions = (
				en,
				Base,
			);
			mainGroup = 2377FD54298B528700499B5E;
			packageReferences = (
				2377FD90298B587400499B5E /* XCRemoteSwiftPackageReference "ios-training" */,
				2377FD93298B5CC400499B5E /* XCRemoteSwiftPackageReference "SnapKit" */,
			);
			productRefGroup = 2377FD5E298B528700499B5E /* Products */;
			projectDirPath = "";
			projectRoot = "";
			targets = (
				2377FD5C298B528700499B5E /* iOS-training-KantaSwift */,
				2377FD72298B528800499B5E /* iOS-training-KantaSwiftTests */,
				2377FD7C298B528800499B5E /* iOS-training-KantaSwiftUITests */,
			);
		};
/* End PBXProject section */

/* Begin PBXResourcesBuildPhase section */
		2377FD5B298B528700499B5E /* Resources */ = {
			isa = PBXResourcesBuildPhase;
			buildActionMask = 2147483647;
			files = (
				2377FD6D298B528800499B5E /* LaunchScreen.storyboard in Resources */,
				2377FD6A298B528800499B5E /* Assets.xcassets in Resources */,
			);
			runOnlyForDeploymentPostprocessing = 0;
		};
		2377FD71298B528800499B5E /* Resources */ = {
			isa = PBXResourcesBuildPhase;
			buildActionMask = 2147483647;
			files = (
			);
			runOnlyForDeploymentPostprocessing = 0;
		};
		2377FD7B298B528800499B5E /* Resources */ = {
			isa = PBXResourcesBuildPhase;
			buildActionMask = 2147483647;
			files = (
			);
			runOnlyForDeploymentPostprocessing = 0;
		};
/* End PBXResourcesBuildPhase section */

/* Begin PBXSourcesBuildPhase section */
		2377FD59298B528700499B5E /* Sources */ = {
			isa = PBXSourcesBuildPhase;
			buildActionMask = 2147483647;
			files = (
				2377FDA5298CA63E00499B5E /* InitialViewController.swift in Sources */,
				239E54042990EE0A00408BF7 /* WeatherAPIClient.swift in Sources */,
				2377FDA3298CA07200499B5E /* WeatherCondition.swift in Sources */,
				2377FDAF299096D200499B5E /* CustomButton.swift in Sources */,
				2377FD65298B528700499B5E /* WeatherViewController.swift in Sources */,
				2377FD61298B528700499B5E /* AppDelegate.swift in Sources */,
				239E540729923AFD00408BF7 /* WeatherData.swift in Sources */,
				2377FD63298B528700499B5E /* SceneDelegate.swift in Sources */,
			);
			runOnlyForDeploymentPostprocessing = 0;
		};
		2377FD6F298B528800499B5E /* Sources */ = {
			isa = PBXSourcesBuildPhase;
			buildActionMask = 2147483647;
			files = (
				2377FD78298B528800499B5E /* iOS_training_KantaSwiftTests.swift in Sources */,
			);
			runOnlyForDeploymentPostprocessing = 0;
		};
		2377FD79298B528800499B5E /* Sources */ = {
			isa = PBXSourcesBuildPhase;
			buildActionMask = 2147483647;
			files = (
				2377FD84298B528800499B5E /* iOS_training_KantaSwiftUITestsLaunchTests.swift in Sources */,
				2377FD82298B528800499B5E /* iOS_training_KantaSwiftUITests.swift in Sources */,
			);
			runOnlyForDeploymentPostprocessing = 0;
		};
/* End PBXSourcesBuildPhase section */

/* Begin PBXTargetDependency section */
		2377FD75298B528800499B5E /* PBXTargetDependency */ = {
			isa = PBXTargetDependency;
			target = 2377FD5C298B528700499B5E /* iOS-training-KantaSwift */;
			targetProxy = 2377FD74298B528800499B5E /* PBXContainerItemProxy */;
		};
		2377FD7F298B528800499B5E /* PBXTargetDependency */ = {
			isa = PBXTargetDependency;
			target = 2377FD5C298B528700499B5E /* iOS-training-KantaSwift */;
			targetProxy = 2377FD7E298B528800499B5E /* PBXContainerItemProxy */;
		};
/* End PBXTargetDependency section */

/* Begin PBXVariantGroup section */
		2377FD6B298B528800499B5E /* LaunchScreen.storyboard */ = {
			isa = PBXVariantGroup;
			children = (
				2377FD6C298B528800499B5E /* Base */,
			);
			name = LaunchScreen.storyboard;
			sourceTree = "<group>";
		};
/* End PBXVariantGroup section */

/* Begin XCBuildConfiguration section */
		2377FD85298B528800499B5E /* Debug */ = {
			isa = XCBuildConfiguration;
			buildSettings = {
				ALWAYS_SEARCH_USER_PATHS = NO;
				CLANG_ANALYZER_NONNULL = YES;
				CLANG_ANALYZER_NUMBER_OBJECT_CONVERSION = YES_AGGRESSIVE;
				CLANG_CXX_LANGUAGE_STANDARD = "gnu++20";
				CLANG_ENABLE_MODULES = YES;
				CLANG_ENABLE_OBJC_ARC = YES;
				CLANG_ENABLE_OBJC_WEAK = YES;
				CLANG_WARN_BLOCK_CAPTURE_AUTORELEASING = YES;
				CLANG_WARN_BOOL_CONVERSION = YES;
				CLANG_WARN_COMMA = YES;
				CLANG_WARN_CONSTANT_CONVERSION = YES;
				CLANG_WARN_DEPRECATED_OBJC_IMPLEMENTATIONS = YES;
				CLANG_WARN_DIRECT_OBJC_ISA_USAGE = YES_ERROR;
				CLANG_WARN_DOCUMENTATION_COMMENTS = YES;
				CLANG_WARN_EMPTY_BODY = YES;
				CLANG_WARN_ENUM_CONVERSION = YES;
				CLANG_WARN_INFINITE_RECURSION = YES;
				CLANG_WARN_INT_CONVERSION = YES;
				CLANG_WARN_NON_LITERAL_NULL_CONVERSION = YES;
				CLANG_WARN_OBJC_IMPLICIT_RETAIN_SELF = YES;
				CLANG_WARN_OBJC_LITERAL_CONVERSION = YES;
				CLANG_WARN_OBJC_ROOT_CLASS = YES_ERROR;
				CLANG_WARN_QUOTED_INCLUDE_IN_FRAMEWORK_HEADER = YES;
				CLANG_WARN_RANGE_LOOP_ANALYSIS = YES;
				CLANG_WARN_STRICT_PROTOTYPES = YES;
				CLANG_WARN_SUSPICIOUS_MOVE = YES;
				CLANG_WARN_UNGUARDED_AVAILABILITY = YES_AGGRESSIVE;
				CLANG_WARN_UNREACHABLE_CODE = YES;
				CLANG_WARN__DUPLICATE_METHOD_MATCH = YES;
				COPY_PHASE_STRIP = NO;
				DEBUG_INFORMATION_FORMAT = dwarf;
				ENABLE_STRICT_OBJC_MSGSEND = YES;
				ENABLE_TESTABILITY = YES;
				GCC_C_LANGUAGE_STANDARD = gnu11;
				GCC_DYNAMIC_NO_PIC = NO;
				GCC_NO_COMMON_BLOCKS = YES;
				GCC_OPTIMIZATION_LEVEL = 0;
				GCC_PREPROCESSOR_DEFINITIONS = (
					"DEBUG=1",
					"$(inherited)",
				);
				GCC_WARN_64_TO_32_BIT_CONVERSION = YES;
				GCC_WARN_ABOUT_RETURN_TYPE = YES_ERROR;
				GCC_WARN_UNDECLARED_SELECTOR = YES;
				GCC_WARN_UNINITIALIZED_AUTOS = YES_AGGRESSIVE;
				GCC_WARN_UNUSED_FUNCTION = YES;
				GCC_WARN_UNUSED_VARIABLE = YES;
				IPHONEOS_DEPLOYMENT_TARGET = 16.2;
				MTL_ENABLE_DEBUG_INFO = INCLUDE_SOURCE;
				MTL_FAST_MATH = YES;
				ONLY_ACTIVE_ARCH = YES;
				SDKROOT = iphoneos;
				SWIFT_ACTIVE_COMPILATION_CONDITIONS = DEBUG;
				SWIFT_OPTIMIZATION_LEVEL = "-Onone";
			};
			name = Debug;
		};
		2377FD86298B528800499B5E /* Release */ = {
			isa = XCBuildConfiguration;
			buildSettings = {
				ALWAYS_SEARCH_USER_PATHS = NO;
				CLANG_ANALYZER_NONNULL = YES;
				CLANG_ANALYZER_NUMBER_OBJECT_CONVERSION = YES_AGGRESSIVE;
				CLANG_CXX_LANGUAGE_STANDARD = "gnu++20";
				CLANG_ENABLE_MODULES = YES;
				CLANG_ENABLE_OBJC_ARC = YES;
				CLANG_ENABLE_OBJC_WEAK = YES;
				CLANG_WARN_BLOCK_CAPTURE_AUTORELEASING = YES;
				CLANG_WARN_BOOL_CONVERSION = YES;
				CLANG_WARN_COMMA = YES;
				CLANG_WARN_CONSTANT_CONVERSION = YES;
				CLANG_WARN_DEPRECATED_OBJC_IMPLEMENTATIONS = YES;
				CLANG_WARN_DIRECT_OBJC_ISA_USAGE = YES_ERROR;
				CLANG_WARN_DOCUMENTATION_COMMENTS = YES;
				CLANG_WARN_EMPTY_BODY = YES;
				CLANG_WARN_ENUM_CONVERSION = YES;
				CLANG_WARN_INFINITE_RECURSION = YES;
				CLANG_WARN_INT_CONVERSION = YES;
				CLANG_WARN_NON_LITERAL_NULL_CONVERSION = YES;
				CLANG_WARN_OBJC_IMPLICIT_RETAIN_SELF = YES;
				CLANG_WARN_OBJC_LITERAL_CONVERSION = YES;
				CLANG_WARN_OBJC_ROOT_CLASS = YES_ERROR;
				CLANG_WARN_QUOTED_INCLUDE_IN_FRAMEWORK_HEADER = YES;
				CLANG_WARN_RANGE_LOOP_ANALYSIS = YES;
				CLANG_WARN_STRICT_PROTOTYPES = YES;
				CLANG_WARN_SUSPICIOUS_MOVE = YES;
				CLANG_WARN_UNGUARDED_AVAILABILITY = YES_AGGRESSIVE;
				CLANG_WARN_UNREACHABLE_CODE = YES;
				CLANG_WARN__DUPLICATE_METHOD_MATCH = YES;
				COPY_PHASE_STRIP = NO;
				DEBUG_INFORMATION_FORMAT = "dwarf-with-dsym";
				ENABLE_NS_ASSERTIONS = NO;
				ENABLE_STRICT_OBJC_MSGSEND = YES;
				GCC_C_LANGUAGE_STANDARD = gnu11;
				GCC_NO_COMMON_BLOCKS = YES;
				GCC_WARN_64_TO_32_BIT_CONVERSION = YES;
				GCC_WARN_ABOUT_RETURN_TYPE = YES_ERROR;
				GCC_WARN_UNDECLARED_SELECTOR = YES;
				GCC_WARN_UNINITIALIZED_AUTOS = YES_AGGRESSIVE;
				GCC_WARN_UNUSED_FUNCTION = YES;
				GCC_WARN_UNUSED_VARIABLE = YES;
				IPHONEOS_DEPLOYMENT_TARGET = 16.2;
				MTL_ENABLE_DEBUG_INFO = NO;
				MTL_FAST_MATH = YES;
				SDKROOT = iphoneos;
				SWIFT_COMPILATION_MODE = wholemodule;
				SWIFT_OPTIMIZATION_LEVEL = "-O";
				VALIDATE_PRODUCT = YES;
			};
			name = Release;
		};
		2377FD88298B528800499B5E /* Debug */ = {
			isa = XCBuildConfiguration;
			buildSettings = {
				ASSETCATALOG_COMPILER_APPICON_NAME = AppIcon;
				ASSETCATALOG_COMPILER_GLOBAL_ACCENT_COLOR_NAME = AccentColor;
				CODE_SIGN_STYLE = Automatic;
				CURRENT_PROJECT_VERSION = 1;
				GENERATE_INFOPLIST_FILE = YES;
				INFOPLIST_FILE = "iOS-training-KantaSwift/Info.plist";
				INFOPLIST_KEY_UIApplicationSupportsIndirectInputEvents = YES;
				INFOPLIST_KEY_UILaunchStoryboardName = LaunchScreen;
				INFOPLIST_KEY_UISupportedInterfaceOrientations_iPad = "UIInterfaceOrientationPortrait UIInterfaceOrientationPortraitUpsideDown UIInterfaceOrientationLandscapeLeft UIInterfaceOrientationLandscapeRight";
				INFOPLIST_KEY_UISupportedInterfaceOrientations_iPhone = "UIInterfaceOrientationPortrait UIInterfaceOrientationLandscapeLeft UIInterfaceOrientationLandscapeRight";
				LD_RUNPATH_SEARCH_PATHS = (
					"$(inherited)",
					"@executable_path/Frameworks",
				);
				MARKETING_VERSION = 1.0;
				PRODUCT_BUNDLE_IDENTIFIER = "com.yumemi.kanta.iOS-training-KantaSwift";
				PRODUCT_NAME = "$(TARGET_NAME)";
				SWIFT_EMIT_LOC_STRINGS = YES;
				SWIFT_VERSION = 5.0;
				TARGETED_DEVICE_FAMILY = "1,2";
			};
			name = Debug;
		};
		2377FD89298B528800499B5E /* Release */ = {
			isa = XCBuildConfiguration;
			buildSettings = {
				ASSETCATALOG_COMPILER_APPICON_NAME = AppIcon;
				ASSETCATALOG_COMPILER_GLOBAL_ACCENT_COLOR_NAME = AccentColor;
				CODE_SIGN_STYLE = Automatic;
				CURRENT_PROJECT_VERSION = 1;
				GENERATE_INFOPLIST_FILE = YES;
				INFOPLIST_FILE = "iOS-training-KantaSwift/Info.plist";
				INFOPLIST_KEY_UIApplicationSupportsIndirectInputEvents = YES;
				INFOPLIST_KEY_UILaunchStoryboardName = LaunchScreen;
				INFOPLIST_KEY_UISupportedInterfaceOrientations_iPad = "UIInterfaceOrientationPortrait UIInterfaceOrientationPortraitUpsideDown UIInterfaceOrientationLandscapeLeft UIInterfaceOrientationLandscapeRight";
				INFOPLIST_KEY_UISupportedInterfaceOrientations_iPhone = "UIInterfaceOrientationPortrait UIInterfaceOrientationLandscapeLeft UIInterfaceOrientationLandscapeRight";
				LD_RUNPATH_SEARCH_PATHS = (
					"$(inherited)",
					"@executable_path/Frameworks",
				);
				MARKETING_VERSION = 1.0;
				PRODUCT_BUNDLE_IDENTIFIER = "com.yumemi.kanta.iOS-training-KantaSwift";
				PRODUCT_NAME = "$(TARGET_NAME)";
				SWIFT_EMIT_LOC_STRINGS = YES;
				SWIFT_VERSION = 5.0;
				TARGETED_DEVICE_FAMILY = "1,2";
			};
			name = Release;
		};
		2377FD8B298B528800499B5E /* Debug */ = {
			isa = XCBuildConfiguration;
			buildSettings = {
				ALWAYS_EMBED_SWIFT_STANDARD_LIBRARIES = YES;
				BUNDLE_LOADER = "$(TEST_HOST)";
				CODE_SIGN_STYLE = Automatic;
				CURRENT_PROJECT_VERSION = 1;
				GENERATE_INFOPLIST_FILE = YES;
				IPHONEOS_DEPLOYMENT_TARGET = 16.2;
				MARKETING_VERSION = 1.0;
				PRODUCT_BUNDLE_IDENTIFIER = "com.yumemi.kanta.iOS-training-KantaSwiftTests";
				PRODUCT_NAME = "$(TARGET_NAME)";
				SWIFT_EMIT_LOC_STRINGS = NO;
				SWIFT_VERSION = 5.0;
				TARGETED_DEVICE_FAMILY = "1,2";
				TEST_HOST = "$(BUILT_PRODUCTS_DIR)/iOS-training-KantaSwift.app/$(BUNDLE_EXECUTABLE_FOLDER_PATH)/iOS-training-KantaSwift";
			};
			name = Debug;
		};
		2377FD8C298B528800499B5E /* Release */ = {
			isa = XCBuildConfiguration;
			buildSettings = {
				ALWAYS_EMBED_SWIFT_STANDARD_LIBRARIES = YES;
				BUNDLE_LOADER = "$(TEST_HOST)";
				CODE_SIGN_STYLE = Automatic;
				CURRENT_PROJECT_VERSION = 1;
				GENERATE_INFOPLIST_FILE = YES;
				IPHONEOS_DEPLOYMENT_TARGET = 16.2;
				MARKETING_VERSION = 1.0;
				PRODUCT_BUNDLE_IDENTIFIER = "com.yumemi.kanta.iOS-training-KantaSwiftTests";
				PRODUCT_NAME = "$(TARGET_NAME)";
				SWIFT_EMIT_LOC_STRINGS = NO;
				SWIFT_VERSION = 5.0;
				TARGETED_DEVICE_FAMILY = "1,2";
				TEST_HOST = "$(BUILT_PRODUCTS_DIR)/iOS-training-KantaSwift.app/$(BUNDLE_EXECUTABLE_FOLDER_PATH)/iOS-training-KantaSwift";
			};
			name = Release;
		};
		2377FD8E298B528800499B5E /* Debug */ = {
			isa = XCBuildConfiguration;
			buildSettings = {
				ALWAYS_EMBED_SWIFT_STANDARD_LIBRARIES = YES;
				CODE_SIGN_STYLE = Automatic;
				CURRENT_PROJECT_VERSION = 1;
				GENERATE_INFOPLIST_FILE = YES;
				MARKETING_VERSION = 1.0;
				PRODUCT_BUNDLE_IDENTIFIER = "com.yumemi.kanta.iOS-training-KantaSwiftUITests";
				PRODUCT_NAME = "$(TARGET_NAME)";
				SWIFT_EMIT_LOC_STRINGS = NO;
				SWIFT_VERSION = 5.0;
				TARGETED_DEVICE_FAMILY = "1,2";
				TEST_TARGET_NAME = "iOS-training-KantaSwift";
			};
			name = Debug;
		};
		2377FD8F298B528800499B5E /* Release */ = {
			isa = XCBuildConfiguration;
			buildSettings = {
				ALWAYS_EMBED_SWIFT_STANDARD_LIBRARIES = YES;
				CODE_SIGN_STYLE = Automatic;
				CURRENT_PROJECT_VERSION = 1;
				GENERATE_INFOPLIST_FILE = YES;
				MARKETING_VERSION = 1.0;
				PRODUCT_BUNDLE_IDENTIFIER = "com.yumemi.kanta.iOS-training-KantaSwiftUITests";
				PRODUCT_NAME = "$(TARGET_NAME)";
				SWIFT_EMIT_LOC_STRINGS = NO;
				SWIFT_VERSION = 5.0;
				TARGETED_DEVICE_FAMILY = "1,2";
				TEST_TARGET_NAME = "iOS-training-KantaSwift";
			};
			name = Release;
		};
/* End XCBuildConfiguration section */

/* Begin XCConfigurationList section */
		2377FD58298B528700499B5E /* Build configuration list for PBXProject "iOS-training-KantaSwift" */ = {
			isa = XCConfigurationList;
			buildConfigurations = (
				2377FD85298B528800499B5E /* Debug */,
				2377FD86298B528800499B5E /* Release */,
			);
			defaultConfigurationIsVisible = 0;
			defaultConfigurationName = Release;
		};
		2377FD87298B528800499B5E /* Build configuration list for PBXNativeTarget "iOS-training-KantaSwift" */ = {
			isa = XCConfigurationList;
			buildConfigurations = (
				2377FD88298B528800499B5E /* Debug */,
				2377FD89298B528800499B5E /* Release */,
			);
			defaultConfigurationIsVisible = 0;
			defaultConfigurationName = Release;
		};
		2377FD8A298B528800499B5E /* Build configuration list for PBXNativeTarget "iOS-training-KantaSwiftTests" */ = {
			isa = XCConfigurationList;
			buildConfigurations = (
				2377FD8B298B528800499B5E /* Debug */,
				2377FD8C298B528800499B5E /* Release */,
			);
			defaultConfigurationIsVisible = 0;
			defaultConfigurationName = Release;
		};
		2377FD8D298B528800499B5E /* Build configuration list for PBXNativeTarget "iOS-training-KantaSwiftUITests" */ = {
			isa = XCConfigurationList;
			buildConfigurations = (
				2377FD8E298B528800499B5E /* Debug */,
				2377FD8F298B528800499B5E /* Release */,
			);
			defaultConfigurationIsVisible = 0;
			defaultConfigurationName = Release;
		};
/* End XCConfigurationList section */

/* Begin XCRemoteSwiftPackageReference section */
		2377FD90298B587400499B5E /* XCRemoteSwiftPackageReference "ios-training" */ = {
			isa = XCRemoteSwiftPackageReference;
			repositoryURL = "https://github.com/yumemi-inc/ios-training.git";
			requirement = {
				branch = main;
				kind = branch;
			};
		};
		2377FD93298B5CC400499B5E /* XCRemoteSwiftPackageReference "SnapKit" */ = {
			isa = XCRemoteSwiftPackageReference;
			repositoryURL = "https://github.com/SnapKit/SnapKit.git";
			requirement = {
				kind = upToNextMajorVersion;
				minimumVersion = 5.0.0;
			};
		};
/* End XCRemoteSwiftPackageReference section */

/* Begin XCSwiftPackageProductDependency section */
		2377FD91298B587400499B5E /* YumemiWeather */ = {
			isa = XCSwiftPackageProductDependency;
			package = 2377FD90298B587400499B5E /* XCRemoteSwiftPackageReference "ios-training" */;
			productName = YumemiWeather;
		};
		2377FD94298B5CC400499B5E /* SnapKit */ = {
			isa = XCSwiftPackageProductDependency;
			package = 2377FD93298B5CC400499B5E /* XCRemoteSwiftPackageReference "SnapKit" */;
			productName = SnapKit;
		};
/* End XCSwiftPackageProductDependency section */
	};
	rootObject = 2377FD55298B528700499B5E /* Project object */;
}
