{
  "pins" : [
    {
      "identity" : "ios-training",
      "kind" : "remoteSourceControl",
      "location" : "https://github.com/yumemi-inc/ios-training.git",
      "state" : {
        "branch" : "main",
        "revision" : "c60989224ad0851c9ee001c3fc394cb65e56daf4"
      }
    },
    {
      "identity" : "snapkit",
      "kind" : "remoteSourceControl",
      "location" : "https://github.com/SnapKit/SnapKit.git",
      "state" : {
        "revision" : "f222cbdf325885926566172f6f5f06af95473158",
        "version" : "5.6.0"
      }
    }
  ],
  "version" : 2
}
